// !$*UTF8*$!
{
	archiveVersion = 1;
	classes = {
	};
	objectVersion = 51;
	objects = {

/* Begin PBXBuildFile section */
		2C932B04E2AB5AA323737A8B /* Pods_Food_Truck_TrackR.framework in Frameworks */ = {isa = PBXBuildFile; fileRef = 402007385AA268A8F67531E4 /* Pods_Food_Truck_TrackR.framework */; };
		4C2A170A24125D20004A955B /* MenuViewController.swift in Sources */ = {isa = PBXBuildFile; fileRef = 4C2A170924125D20004A955B /* MenuViewController.swift */; };
		4C2A170C241260EE004A955B /* MenuItemTableViewCell.swift in Sources */ = {isa = PBXBuildFile; fileRef = 4C2A170B241260EE004A955B /* MenuItemTableViewCell.swift */; };
		4C2A170E2412AC3E004A955B /* LocationController.swift in Sources */ = {isa = PBXBuildFile; fileRef = 4C2A170D2412AC3E004A955B /* LocationController.swift */; };
		4C2A17102412AC8F004A955B /* PlaceAnnotation.swift in Sources */ = {isa = PBXBuildFile; fileRef = 4C2A170F2412AC8F004A955B /* PlaceAnnotation.swift */; };
		4C2A17122412ACCF004A955B /* Protocol.swift in Sources */ = {isa = PBXBuildFile; fileRef = 4C2A17112412ACCF004A955B /* Protocol.swift */; };
		4C2A171A2412BA37004A955B /* Food_Truck_TrackRTests_1.swift in Sources */ = {isa = PBXBuildFile; fileRef = 4C2A17192412BA37004A955B /* Food_Truck_TrackRTests_1.swift */; };
		4C3BFE802411D8440074725D /* CreateDishViewController.swift in Sources */ = {isa = PBXBuildFile; fileRef = 4C3BFE7F2411D8440074725D /* CreateDishViewController.swift */; };
		4C3BFE842411E6D70074725D /* Trucker.storyboard in Resources */ = {isa = PBXBuildFile; fileRef = 4C3BFE832411E6D60074725D /* Trucker.storyboard */; };
		4C3BFE862411EA530074725D /* CoreDataStack.swift in Sources */ = {isa = PBXBuildFile; fileRef = 4C3BFE852411EA530074725D /* CoreDataStack.swift */; };
		4C3BFE882411EAF50074725D /* TruckRepresentation.swift in Sources */ = {isa = PBXBuildFile; fileRef = 4C3BFE872411EAF50074725D /* TruckRepresentation.swift */; };
		4C3BFE8A2411EB220074725D /* MenuItemRepresentation.swift in Sources */ = {isa = PBXBuildFile; fileRef = 4C3BFE892411EB220074725D /* MenuItemRepresentation.swift */; };
		4C3BFE8D2411EC7F0074725D /* FoodTruck.xcdatamodeld in Sources */ = {isa = PBXBuildFile; fileRef = 4C3BFE8B2411EC7F0074725D /* FoodTruck.xcdatamodeld */; };
		4C3BFE902411EE170074725D /* FoodTruckController.swift in Sources */ = {isa = PBXBuildFile; fileRef = 4C3BFE8F2411EE170074725D /* FoodTruckController.swift */; };
		4C3BFE98241205730074725D /* GoogleService-Info.plist in Resources */ = {isa = PBXBuildFile; fileRef = 4C3BFE97241205730074725D /* GoogleService-Info.plist */; };
		4C3BFE9A241207CE0074725D /* Truck+Convenience.swift in Sources */ = {isa = PBXBuildFile; fileRef = 4C3BFE99241207CE0074725D /* Truck+Convenience.swift */; };
		4C3BFE9C24120CD20074725D /* MenuItem+Convenience.swift in Sources */ = {isa = PBXBuildFile; fileRef = 4C3BFE9B24120CD20074725D /* MenuItem+Convenience.swift */; };
		4C3BFE9E241215030074725D /* Foodie.swift in Sources */ = {isa = PBXBuildFile; fileRef = 4C3BFE9D241215030074725D /* Foodie.swift */; };
		4C3BFEA02412158B0074725D /* Bearer.swift in Sources */ = {isa = PBXBuildFile; fileRef = 4C3BFE9F2412158B0074725D /* Bearer.swift */; };
		4C5AD8B62411B8D100E892F3 /* Montserrat-SemiBold.ttf in Resources */ = {isa = PBXBuildFile; fileRef = 4C5AD8B52411B8D100E892F3 /* Montserrat-SemiBold.ttf */; };
		4C5AD8B82411B8D900E892F3 /* Acme-Regular.ttf in Resources */ = {isa = PBXBuildFile; fileRef = 4C5AD8B72411B8D900E892F3 /* Acme-Regular.ttf */; };
		4C730FB12412C29800768E9C /* FoodTruckDetailViewController.swift in Sources */ = {isa = PBXBuildFile; fileRef = 4C730FB02412C29800768E9C /* FoodTruckDetailViewController.swift */; };
		4CA5838D240C90AA004B0E8F /* AppDelegate.swift in Sources */ = {isa = PBXBuildFile; fileRef = 4CA5838C240C90AA004B0E8F /* AppDelegate.swift */; };
		4CA5838F240C90AA004B0E8F /* SceneDelegate.swift in Sources */ = {isa = PBXBuildFile; fileRef = 4CA5838E240C90AA004B0E8F /* SceneDelegate.swift */; };
		4CA58396240C90AA004B0E8F /* Assets.xcassets in Resources */ = {isa = PBXBuildFile; fileRef = 4CA58395240C90AA004B0E8F /* Assets.xcassets */; };
		4CA58399240C90AA004B0E8F /* LaunchScreen.storyboard in Resources */ = {isa = PBXBuildFile; fileRef = 4CA58397240C90AA004B0E8F /* LaunchScreen.storyboard */; };
		4CA583AB240C90FA004B0E8F /* Food_Truck_TrackRTests.swift in Sources */ = {isa = PBXBuildFile; fileRef = 4CA583AA240C90FA004B0E8F /* Food_Truck_TrackRTests.swift */; };
		6D47A101240DA8A20085BEFA /* Users.swift in Sources */ = {isa = PBXBuildFile; fileRef = 6D47A100240DA8A20085BEFA /* Users.swift */; };
		6D4F925A240E4C950095DE2F /* TrucksAroundViewController.swift in Sources */ = {isa = PBXBuildFile; fileRef = 6D4F9259240E4C950095DE2F /* TrucksAroundViewController.swift */; };
		6D4F925D240E50630095DE2F /* MyTruckCell.swift in Sources */ = {isa = PBXBuildFile; fileRef = 6D4F925C240E50630095DE2F /* MyTruckCell.swift */; };
		6D4F925F240E525B0095DE2F /* TruckMenuViewController.swift in Sources */ = {isa = PBXBuildFile; fileRef = 6D4F925E240E525B0095DE2F /* TruckMenuViewController.swift */; };
		6D4F9263240EBF3A0095DE2F /* CreateTruckViewController.swift in Sources */ = {isa = PBXBuildFile; fileRef = 6D4F9262240EBF3A0095DE2F /* CreateTruckViewController.swift */; };
		6D5A8346240DB99D007EFA11 /* AuthViewController.swift in Sources */ = {isa = PBXBuildFile; fileRef = 6D5A8345240DB99C007EFA11 /* AuthViewController.swift */; };
		6D5A8348240E1FCC007EFA11 /* Auth.storyboard in Resources */ = {isa = PBXBuildFile; fileRef = 6D5A8347240E1FCC007EFA11 /* Auth.storyboard */; };
		6D5A834C240E22A1007EFA11 /* Foodie.storyboard in Resources */ = {isa = PBXBuildFile; fileRef = 6D5A834B240E22A1007EFA11 /* Foodie.storyboard */; };
		6D5A834F240E2B37007EFA11 /* WelcomeViewController.swift in Sources */ = {isa = PBXBuildFile; fileRef = 6D5A834E240E2B37007EFA11 /* WelcomeViewController.swift */; };
		6D5A8352240E2C08007EFA11 /* Constant.swift in Sources */ = {isa = PBXBuildFile; fileRef = 6D5A8351240E2C08007EFA11 /* Constant.swift */; };
		6D7F9444240E319E00E57201 /* MyTrucksViewController.swift in Sources */ = {isa = PBXBuildFile; fileRef = 6D7F9443240E319E00E57201 /* MyTrucksViewController.swift */; };
		6D91C47D240D8D48000581F0 /* AuthService.swift in Sources */ = {isa = PBXBuildFile; fileRef = 6D91C47C240D8D48000581F0 /* AuthService.swift */; };
		6DADD286240D9DA100CA09B3 /* TruckService.swift in Sources */ = {isa = PBXBuildFile; fileRef = 6DADD285240D9DA100CA09B3 /* TruckService.swift */; };
/* End PBXBuildFile section */

/* Begin PBXContainerItemProxy section */
		4C2A171C2412BA37004A955B /* PBXContainerItemProxy */ = {
			isa = PBXContainerItemProxy;
			containerPortal = 4CA58381240C90AA004B0E8F /* Project object */;
			proxyType = 1;
			remoteGlobalIDString = 4CA58388240C90AA004B0E8F;
			remoteInfo = "Food-Truck-TrackR";
		};
		4CA583AD240C90FA004B0E8F /* PBXContainerItemProxy */ = {
			isa = PBXContainerItemProxy;
			containerPortal = 4CA58381240C90AA004B0E8F /* Project object */;
			proxyType = 1;
			remoteGlobalIDString = 4CA58388240C90AA004B0E8F;
			remoteInfo = "Food-Truck-TrackR";
		};
/* End PBXContainerItemProxy section */

/* Begin PBXFileReference section */
		402007385AA268A8F67531E4 /* Pods_Food_Truck_TrackR.framework */ = {isa = PBXFileReference; explicitFileType = wrapper.framework; includeInIndex = 0; path = Pods_Food_Truck_TrackR.framework; sourceTree = BUILT_PRODUCTS_DIR; };
		4C2A170924125D20004A955B /* MenuViewController.swift */ = {isa = PBXFileReference; lastKnownFileType = sourcecode.swift; path = MenuViewController.swift; sourceTree = "<group>"; };
		4C2A170B241260EE004A955B /* MenuItemTableViewCell.swift */ = {isa = PBXFileReference; lastKnownFileType = sourcecode.swift; path = MenuItemTableViewCell.swift; sourceTree = "<group>"; };
		4C2A170D2412AC3E004A955B /* LocationController.swift */ = {isa = PBXFileReference; lastKnownFileType = sourcecode.swift; path = LocationController.swift; sourceTree = "<group>"; };
		4C2A170F2412AC8F004A955B /* PlaceAnnotation.swift */ = {isa = PBXFileReference; lastKnownFileType = sourcecode.swift; path = PlaceAnnotation.swift; sourceTree = "<group>"; };
		4C2A17112412ACCF004A955B /* Protocol.swift */ = {isa = PBXFileReference; lastKnownFileType = sourcecode.swift; path = Protocol.swift; sourceTree = "<group>"; };
		4C2A17172412BA37004A955B /* Food-Truck-TrackRTests-1.xctest */ = {isa = PBXFileReference; explicitFileType = wrapper.cfbundle; includeInIndex = 0; path = "Food-Truck-TrackRTests-1.xctest"; sourceTree = BUILT_PRODUCTS_DIR; };
		4C2A17192412BA37004A955B /* Food_Truck_TrackRTests_1.swift */ = {isa = PBXFileReference; lastKnownFileType = sourcecode.swift; path = Food_Truck_TrackRTests_1.swift; sourceTree = "<group>"; };
		4C2A171B2412BA37004A955B /* Info.plist */ = {isa = PBXFileReference; lastKnownFileType = text.plist.xml; path = Info.plist; sourceTree = "<group>"; };
		4C3BFE7F2411D8440074725D /* CreateDishViewController.swift */ = {isa = PBXFileReference; lastKnownFileType = sourcecode.swift; path = CreateDishViewController.swift; sourceTree = "<group>"; };
		4C3BFE832411E6D60074725D /* Trucker.storyboard */ = {isa = PBXFileReference; fileEncoding = 4; lastKnownFileType = file.storyboard; name = Trucker.storyboard; path = "../../../../../../../Downloads/iOS 6/Food-Truck-TrackR/Food-Truck-TrackR/Storyboards/Trucker.storyboard"; sourceTree = "<group>"; };
		4C3BFE852411EA530074725D /* CoreDataStack.swift */ = {isa = PBXFileReference; lastKnownFileType = sourcecode.swift; path = CoreDataStack.swift; sourceTree = "<group>"; };
		4C3BFE872411EAF50074725D /* TruckRepresentation.swift */ = {isa = PBXFileReference; fileEncoding = 4; lastKnownFileType = sourcecode.swift; path = TruckRepresentation.swift; sourceTree = "<group>"; };
		4C3BFE892411EB220074725D /* MenuItemRepresentation.swift */ = {isa = PBXFileReference; fileEncoding = 4; lastKnownFileType = sourcecode.swift; path = MenuItemRepresentation.swift; sourceTree = "<group>"; };
		4C3BFE8C2411EC7F0074725D /* FoodTruck.xcdatamodel */ = {isa = PBXFileReference; lastKnownFileType = wrapper.xcdatamodel; path = FoodTruck.xcdatamodel; sourceTree = "<group>"; };
		4C3BFE8F2411EE170074725D /* FoodTruckController.swift */ = {isa = PBXFileReference; lastKnownFileType = sourcecode.swift; path = FoodTruckController.swift; sourceTree = "<group>"; };
		4C3BFE97241205730074725D /* GoogleService-Info.plist */ = {isa = PBXFileReference; fileEncoding = 4; lastKnownFileType = text.plist.xml; path = "GoogleService-Info.plist"; sourceTree = "<group>"; };
		4C3BFE99241207CE0074725D /* Truck+Convenience.swift */ = {isa = PBXFileReference; lastKnownFileType = sourcecode.swift; path = "Truck+Convenience.swift"; sourceTree = "<group>"; };
		4C3BFE9B24120CD20074725D /* MenuItem+Convenience.swift */ = {isa = PBXFileReference; lastKnownFileType = sourcecode.swift; path = "MenuItem+Convenience.swift"; sourceTree = "<group>"; };
		4C3BFE9D241215030074725D /* Foodie.swift */ = {isa = PBXFileReference; fileEncoding = 4; lastKnownFileType = sourcecode.swift; path = Foodie.swift; sourceTree = "<group>"; };
		4C3BFE9F2412158B0074725D /* Bearer.swift */ = {isa = PBXFileReference; lastKnownFileType = sourcecode.swift; path = Bearer.swift; sourceTree = "<group>"; };
		4C5AD8B52411B8D100E892F3 /* Montserrat-SemiBold.ttf */ = {isa = PBXFileReference; lastKnownFileType = file; path = "Montserrat-SemiBold.ttf"; sourceTree = "<group>"; };
		4C5AD8B72411B8D900E892F3 /* Acme-Regular.ttf */ = {isa = PBXFileReference; lastKnownFileType = file; path = "Acme-Regular.ttf"; sourceTree = "<group>"; };
		4C730FAE2412BDAA00768E9C /* Food-Truck-TrackR.app */ = {isa = PBXFileReference; explicitFileType = wrapper.application; includeInIndex = 0; path = "Food-Truck-TrackR.app"; sourceTree = BUILT_PRODUCTS_DIR; };
		4C730FAF2412BDAA00768E9C /* Food-Truck-TrackRTests.xctest */ = {isa = PBXFileReference; explicitFileType = wrapper.cfbundle; includeInIndex = 0; path = "Food-Truck-TrackRTests.xctest"; sourceTree = BUILT_PRODUCTS_DIR; };
		4C730FB02412C29800768E9C /* FoodTruckDetailViewController.swift */ = {isa = PBXFileReference; lastKnownFileType = sourcecode.swift; path = FoodTruckDetailViewController.swift; sourceTree = "<group>"; };
		4CA5838C240C90AA004B0E8F /* AppDelegate.swift */ = {isa = PBXFileReference; lastKnownFileType = sourcecode.swift; path = AppDelegate.swift; sourceTree = "<group>"; };
		4CA5838E240C90AA004B0E8F /* SceneDelegate.swift */ = {isa = PBXFileReference; lastKnownFileType = sourcecode.swift; path = SceneDelegate.swift; sourceTree = "<group>"; };
		4CA58395240C90AA004B0E8F /* Assets.xcassets */ = {isa = PBXFileReference; lastKnownFileType = folder.assetcatalog; path = Assets.xcassets; sourceTree = "<group>"; };
		4CA58398240C90AA004B0E8F /* Base */ = {isa = PBXFileReference; lastKnownFileType = file.storyboard; name = Base; path = Base.lproj/LaunchScreen.storyboard; sourceTree = "<group>"; };
		4CA5839A240C90AA004B0E8F /* Info.plist */ = {isa = PBXFileReference; lastKnownFileType = text.plist.xml; path = Info.plist; sourceTree = "<group>"; };
		4CA583AA240C90FA004B0E8F /* Food_Truck_TrackRTests.swift */ = {isa = PBXFileReference; lastKnownFileType = sourcecode.swift; path = Food_Truck_TrackRTests.swift; sourceTree = "<group>"; };
		4CA583AC240C90FA004B0E8F /* Info.plist */ = {isa = PBXFileReference; lastKnownFileType = text.plist.xml; path = Info.plist; sourceTree = "<group>"; };
		653791921C6D393D08438D30 /* Pods-Food-Truck-TrackR.release.xcconfig */ = {isa = PBXFileReference; includeInIndex = 1; lastKnownFileType = text.xcconfig; name = "Pods-Food-Truck-TrackR.release.xcconfig"; path = "Target Support Files/Pods-Food-Truck-TrackR/Pods-Food-Truck-TrackR.release.xcconfig"; sourceTree = "<group>"; };
		6D47A100240DA8A20085BEFA /* Users.swift */ = {isa = PBXFileReference; lastKnownFileType = sourcecode.swift; path = Users.swift; sourceTree = "<group>"; };
		6D4F9259240E4C950095DE2F /* TrucksAroundViewController.swift */ = {isa = PBXFileReference; lastKnownFileType = sourcecode.swift; path = TrucksAroundViewController.swift; sourceTree = "<group>"; };
		6D4F925C240E50630095DE2F /* MyTruckCell.swift */ = {isa = PBXFileReference; lastKnownFileType = sourcecode.swift; path = MyTruckCell.swift; sourceTree = "<group>"; };
		6D4F925E240E525B0095DE2F /* TruckMenuViewController.swift */ = {isa = PBXFileReference; lastKnownFileType = sourcecode.swift; path = TruckMenuViewController.swift; sourceTree = "<group>"; };
		6D4F9262240EBF3A0095DE2F /* CreateTruckViewController.swift */ = {isa = PBXFileReference; lastKnownFileType = sourcecode.swift; path = CreateTruckViewController.swift; sourceTree = "<group>"; };
		6D5A8345240DB99C007EFA11 /* AuthViewController.swift */ = {isa = PBXFileReference; lastKnownFileType = sourcecode.swift; path = AuthViewController.swift; sourceTree = "<group>"; };
		6D5A8347240E1FCC007EFA11 /* Auth.storyboard */ = {isa = PBXFileReference; lastKnownFileType = file.storyboard; path = Auth.storyboard; sourceTree = "<group>"; };
		6D5A834B240E22A1007EFA11 /* Foodie.storyboard */ = {isa = PBXFileReference; lastKnownFileType = file.storyboard; path = Foodie.storyboard; sourceTree = "<group>"; };
		6D5A834E240E2B37007EFA11 /* WelcomeViewController.swift */ = {isa = PBXFileReference; lastKnownFileType = sourcecode.swift; path = WelcomeViewController.swift; sourceTree = "<group>"; };
		6D5A8351240E2C08007EFA11 /* Constant.swift */ = {isa = PBXFileReference; lastKnownFileType = sourcecode.swift; path = Constant.swift; sourceTree = "<group>"; };
		6D7F9443240E319E00E57201 /* MyTrucksViewController.swift */ = {isa = PBXFileReference; lastKnownFileType = sourcecode.swift; path = MyTrucksViewController.swift; sourceTree = "<group>"; };
		6D91C47C240D8D48000581F0 /* AuthService.swift */ = {isa = PBXFileReference; lastKnownFileType = sourcecode.swift; path = AuthService.swift; sourceTree = "<group>"; };
		6DADD285240D9DA100CA09B3 /* TruckService.swift */ = {isa = PBXFileReference; lastKnownFileType = sourcecode.swift; path = TruckService.swift; sourceTree = "<group>"; };
		FFE3E2D80E91B01A14B8F585 /* Pods-Food-Truck-TrackR.debug.xcconfig */ = {isa = PBXFileReference; includeInIndex = 1; lastKnownFileType = text.xcconfig; name = "Pods-Food-Truck-TrackR.debug.xcconfig"; path = "Target Support Files/Pods-Food-Truck-TrackR/Pods-Food-Truck-TrackR.debug.xcconfig"; sourceTree = "<group>"; };
/* End PBXFileReference section */

/* Begin PBXFrameworksBuildPhase section */
		4C2A17142412BA37004A955B /* Frameworks */ = {
			isa = PBXFrameworksBuildPhase;
			buildActionMask = 2147483647;
			files = (
			);
			runOnlyForDeploymentPostprocessing = 0;
		};
		4CA58386240C90AA004B0E8F /* Frameworks */ = {
			isa = PBXFrameworksBuildPhase;
			buildActionMask = 2147483647;
			files = (
				2C932B04E2AB5AA323737A8B /* Pods_Food_Truck_TrackR.framework in Frameworks */,
			);
			runOnlyForDeploymentPostprocessing = 0;
		};
		4CA583A5240C90FA004B0E8F /* Frameworks */ = {
			isa = PBXFrameworksBuildPhase;
			buildActionMask = 2147483647;
			files = (
			);
			runOnlyForDeploymentPostprocessing = 0;
		};
/* End PBXFrameworksBuildPhase section */

/* Begin PBXGroup section */
		4C2A17182412BA37004A955B /* Food-Truck-TrackRTests-1 */ = {
			isa = PBXGroup;
			children = (
				4C2A17192412BA37004A955B /* Food_Truck_TrackRTests_1.swift */,
				4C2A171B2412BA37004A955B /* Info.plist */,
			);
			path = "Food-Truck-TrackRTests-1";
			sourceTree = "<group>";
		};
		4C3BFE8E2411EDFC0074725D /* ModelController */ = {
			isa = PBXGroup;
			children = (
				4C3BFE8F2411EE170074725D /* FoodTruckController.swift */,
				4C2A170D2412AC3E004A955B /* LocationController.swift */,
			);
			path = ModelController;
			sourceTree = "<group>";
		};
		4C5AD8B42411B8BC00E892F3 /* Fonts */ = {
			isa = PBXGroup;
			children = (
				4C5AD8B52411B8D100E892F3 /* Montserrat-SemiBold.ttf */,
				4C5AD8B72411B8D900E892F3 /* Acme-Regular.ttf */,
			);
			path = Fonts;
			sourceTree = "<group>";
		};
		4CA58380240C90AA004B0E8F = {
			isa = PBXGroup;
			children = (
				4CA5838B240C90AA004B0E8F /* Food-Truck-TrackR */,
				4CA583A9240C90FA004B0E8F /* Food-Truck-TrackRTests */,
				4EBC0A0324EA006073A4CA55 /* Pods */,
				4C2A17182412BA37004A955B /* Food-Truck-TrackRTests-1 */,
				8118E509420502CC111424C1 /* Frameworks */,
				4C2A17172412BA37004A955B /* Food-Truck-TrackRTests-1.xctest */,
				4C730FAE2412BDAA00768E9C /* Food-Truck-TrackR.app */,
				4C730FAF2412BDAA00768E9C /* Food-Truck-TrackRTests.xctest */,
			);
			sourceTree = "<group>";
		};
		4CA5838B240C90AA004B0E8F /* Food-Truck-TrackR */ = {
			isa = PBXGroup;
			children = (
				4C3BFE8E2411EDFC0074725D /* ModelController */,
				4C5AD8B42411B8BC00E892F3 /* Fonts */,
				6D4F925B240E50530095DE2F /* Views */,
				6D5A8350240E2BFA007EFA11 /* Constant */,
				6D47A0FD240DA7440085BEFA /* ViewController */,
				6D91C47B240D8D34000581F0 /* Services */,
				6D47A0FC240DA7210085BEFA /* Model */,
				4CA583A0240C90B9004B0E8F /* Resources */,
				4CA583A1240C90C8004B0E8F /* Storyboards */,
				4CA5839A240C90AA004B0E8F /* Info.plist */,
				4C3BFE97241205730074725D /* GoogleService-Info.plist */,
			);
			path = "Food-Truck-TrackR";
			sourceTree = "<group>";
		};
		4CA583A0240C90B9004B0E8F /* Resources */ = {
			isa = PBXGroup;
			children = (
				4CA5838C240C90AA004B0E8F /* AppDelegate.swift */,
				4CA5838E240C90AA004B0E8F /* SceneDelegate.swift */,
				4CA58395240C90AA004B0E8F /* Assets.xcassets */,
			);
			path = Resources;
			sourceTree = "<group>";
		};
		4CA583A1240C90C8004B0E8F /* Storyboards */ = {
			isa = PBXGroup;
			children = (
				4C3BFE832411E6D60074725D /* Trucker.storyboard */,
				4CA58397240C90AA004B0E8F /* LaunchScreen.storyboard */,
				6D5A8347240E1FCC007EFA11 /* Auth.storyboard */,
				6D5A834B240E22A1007EFA11 /* Foodie.storyboard */,
			);
			path = Storyboards;
			sourceTree = "<group>";
		};
		4CA583A9240C90FA004B0E8F /* Food-Truck-TrackRTests */ = {
			isa = PBXGroup;
			children = (
				4CA583AA240C90FA004B0E8F /* Food_Truck_TrackRTests.swift */,
				4CA583AC240C90FA004B0E8F /* Info.plist */,
			);
			path = "Food-Truck-TrackRTests";
			sourceTree = "<group>";
		};
		4EBC0A0324EA006073A4CA55 /* Pods */ = {
			isa = PBXGroup;
			children = (
				FFE3E2D80E91B01A14B8F585 /* Pods-Food-Truck-TrackR.debug.xcconfig */,
				653791921C6D393D08438D30 /* Pods-Food-Truck-TrackR.release.xcconfig */,
			);
			path = Pods;
			sourceTree = "<group>";
		};
		6D47A0FC240DA7210085BEFA /* Model */ = {
			isa = PBXGroup;
			children = (
				4C3BFE9D241215030074725D /* Foodie.swift */,
				4C3BFE892411EB220074725D /* MenuItemRepresentation.swift */,
				4C3BFE872411EAF50074725D /* TruckRepresentation.swift */,
				6D47A100240DA8A20085BEFA /* Users.swift */,
				4C3BFE852411EA530074725D /* CoreDataStack.swift */,
				4C3BFE8B2411EC7F0074725D /* FoodTruck.xcdatamodeld */,
				4C3BFE99241207CE0074725D /* Truck+Convenience.swift */,
				4C3BFE9B24120CD20074725D /* MenuItem+Convenience.swift */,
				4C3BFE9F2412158B0074725D /* Bearer.swift */,
				4C2A170F2412AC8F004A955B /* PlaceAnnotation.swift */,
			);
			path = Model;
			sourceTree = "<group>";
		};
		6D47A0FD240DA7440085BEFA /* ViewController */ = {
			isa = PBXGroup;
			children = (
				6D9BA496240E33B7009BB3A0 /* FoodieVC */,
				6D7F9442240E318300E57201 /* TruckerVC */,
				6D5A834D240E2B21007EFA11 /* AuthVC */,
			);
			path = ViewController;
			sourceTree = "<group>";
		};
		6D4F925B240E50530095DE2F /* Views */ = {
			isa = PBXGroup;
			children = (
				6D4F925C240E50630095DE2F /* MyTruckCell.swift */,
				4C2A170B241260EE004A955B /* MenuItemTableViewCell.swift */,
			);
			path = Views;
			sourceTree = "<group>";
		};
		6D5A834D240E2B21007EFA11 /* AuthVC */ = {
			isa = PBXGroup;
			children = (
				6D5A834E240E2B37007EFA11 /* WelcomeViewController.swift */,
				6D5A8345240DB99C007EFA11 /* AuthViewController.swift */,
			);
			path = AuthVC;
			sourceTree = "<group>";
		};
		6D5A8350240E2BFA007EFA11 /* Constant */ = {
			isa = PBXGroup;
			children = (
				6D5A8351240E2C08007EFA11 /* Constant.swift */,
				4C2A17112412ACCF004A955B /* Protocol.swift */,
			);
			path = Constant;
			sourceTree = "<group>";
		};
		6D7F9442240E318300E57201 /* TruckerVC */ = {
			isa = PBXGroup;
			children = (
				6D7F9443240E319E00E57201 /* MyTrucksViewController.swift */,
				6D4F9262240EBF3A0095DE2F /* CreateTruckViewController.swift */,
				4C3BFE7F2411D8440074725D /* CreateDishViewController.swift */,
				4C2A170924125D20004A955B /* MenuViewController.swift */,
			);
			path = TruckerVC;
			sourceTree = "<group>";
		};
		6D91C47B240D8D34000581F0 /* Services */ = {
			isa = PBXGroup;
			children = (
				6D91C47C240D8D48000581F0 /* AuthService.swift */,
				6DADD285240D9DA100CA09B3 /* TruckService.swift */,
			);
			path = Services;
			sourceTree = "<group>";
		};
		6D9BA496240E33B7009BB3A0 /* FoodieVC */ = {
			isa = PBXGroup;
			children = (
				6D4F9259240E4C950095DE2F /* TrucksAroundViewController.swift */,
				6D4F925E240E525B0095DE2F /* TruckMenuViewController.swift */,
				4C730FB02412C29800768E9C /* FoodTruckDetailViewController.swift */,
			);
			path = FoodieVC;
			sourceTree = "<group>";
		};
		8118E509420502CC111424C1 /* Frameworks */ = {
			isa = PBXGroup;
			children = (
				402007385AA268A8F67531E4 /* Pods_Food_Truck_TrackR.framework */,
			);
			name = Frameworks;
			sourceTree = "<group>";
		};
/* End PBXGroup section */

/* Begin PBXNativeTarget section */
		4C2A17162412BA37004A955B /* Food-Truck-TrackRTests-1 */ = {
			isa = PBXNativeTarget;
			buildConfigurationList = 4C2A171E2412BA37004A955B /* Build configuration list for PBXNativeTarget "Food-Truck-TrackRTests-1" */;
			buildPhases = (
				4C2A17132412BA37004A955B /* Sources */,
				4C2A17142412BA37004A955B /* Frameworks */,
				4C2A17152412BA37004A955B /* Resources */,
			);
			buildRules = (
			);
			dependencies = (
				4C2A171D2412BA37004A955B /* PBXTargetDependency */,
			);
			name = "Food-Truck-TrackRTests-1";
			productName = "Food-Truck-TrackRTests-1";
			productReference = 4C2A17172412BA37004A955B /* Food-Truck-TrackRTests-1.xctest */;
			productType = "com.apple.product-type.bundle.unit-test";
		};
		4CA58388240C90AA004B0E8F /* Food-Truck-TrackR */ = {
			isa = PBXNativeTarget;
			buildConfigurationList = 4CA5839D240C90AA004B0E8F /* Build configuration list for PBXNativeTarget "Food-Truck-TrackR" */;
			buildPhases = (
				76458E31C07187C170A56651 /* [CP] Check Pods Manifest.lock */,
				4CA58385240C90AA004B0E8F /* Sources */,
				4CA58386240C90AA004B0E8F /* Frameworks */,
				4CA58387240C90AA004B0E8F /* Resources */,
				7F34CC63AB7A046F9761483F /* [CP] Embed Pods Frameworks */,
			);
			buildRules = (
			);
			dependencies = (
			);
			name = "Food-Truck-TrackR";
			productName = "Food-Truck-TrackR";
			productReference = 4C730FAE2412BDAA00768E9C /* Food-Truck-TrackR.app */;
			productType = "com.apple.product-type.application";
		};
		4CA583A7240C90FA004B0E8F /* Food-Truck-TrackRTests */ = {
			isa = PBXNativeTarget;
			buildConfigurationList = 4CA583AF240C90FA004B0E8F /* Build configuration list for PBXNativeTarget "Food-Truck-TrackRTests" */;
			buildPhases = (
				4CA583A4240C90FA004B0E8F /* Sources */,
				4CA583A5240C90FA004B0E8F /* Frameworks */,
				4CA583A6240C90FA004B0E8F /* Resources */,
			);
			buildRules = (
			);
			dependencies = (
				4CA583AE240C90FA004B0E8F /* PBXTargetDependency */,
			);
			name = "Food-Truck-TrackRTests";
			productName = "Food-Truck-TrackRTests";
			productReference = 4C730FAF2412BDAA00768E9C /* Food-Truck-TrackRTests.xctest */;
			productType = "com.apple.product-type.bundle.unit-test";
		};
/* End PBXNativeTarget section */

/* Begin PBXProject section */
		4CA58381240C90AA004B0E8F /* Project object */ = {
			isa = PBXProject;
			attributes = {
				LastSwiftUpdateCheck = 1130;
				LastUpgradeCheck = 1130;
				ORGANIZATIONNAME = Michael;
				TargetAttributes = {
					4C2A17162412BA37004A955B = {
						CreatedOnToolsVersion = 11.3.1;
						TestTargetID = 4CA58388240C90AA004B0E8F;
					};
					4CA58388240C90AA004B0E8F = {
						CreatedOnToolsVersion = 11.3.1;
					};
					4CA583A7240C90FA004B0E8F = {
						CreatedOnToolsVersion = 11.3.1;
						TestTargetID = 4CA58388240C90AA004B0E8F;
					};
				};
			};
			buildConfigurationList = 4CA58384240C90AA004B0E8F /* Build configuration list for PBXProject "Food-Truck-TrackR" */;
			compatibilityVersion = "Xcode 9.3";
			developmentRegion = en;
			hasScannedForEncodings = 0;
			knownRegions = (
				en,
				Base,
			);
			mainGroup = 4CA58380240C90AA004B0E8F;
			productRefGroup = 4CA58380240C90AA004B0E8F;
			projectDirPath = "";
			projectRoot = "";
			targets = (
				4CA58388240C90AA004B0E8F /* Food-Truck-TrackR */,
				4CA583A7240C90FA004B0E8F /* Food-Truck-TrackRTests */,
				4C2A17162412BA37004A955B /* Food-Truck-TrackRTests-1 */,
			);
		};
/* End PBXProject section */

/* Begin PBXResourcesBuildPhase section */
		4C2A17152412BA37004A955B /* Resources */ = {
			isa = PBXResourcesBuildPhase;
			buildActionMask = 2147483647;
			files = (
			);
			runOnlyForDeploymentPostprocessing = 0;
		};
		4CA58387240C90AA004B0E8F /* Resources */ = {
			isa = PBXResourcesBuildPhase;
			buildActionMask = 2147483647;
			files = (
				6D5A8348240E1FCC007EFA11 /* Auth.storyboard in Resources */,
				4C3BFE98241205730074725D /* GoogleService-Info.plist in Resources */,
				4C5AD8B82411B8D900E892F3 /* Acme-Regular.ttf in Resources */,
				6D5A834C240E22A1007EFA11 /* Foodie.storyboard in Resources */,
				4CA58399240C90AA004B0E8F /* LaunchScreen.storyboard in Resources */,
				4C3BFE842411E6D70074725D /* Trucker.storyboard in Resources */,
				4C5AD8B62411B8D100E892F3 /* Montserrat-SemiBold.ttf in Resources */,
				4CA58396240C90AA004B0E8F /* Assets.xcassets in Resources */,
			);
			runOnlyForDeploymentPostprocessing = 0;
		};
		4CA583A6240C90FA004B0E8F /* Resources */ = {
			isa = PBXResourcesBuildPhase;
			buildActionMask = 2147483647;
			files = (
			);
			runOnlyForDeploymentPostprocessing = 0;
		};
/* End PBXResourcesBuildPhase section */

/* Begin PBXShellScriptBuildPhase section */
		76458E31C07187C170A56651 /* [CP] Check Pods Manifest.lock */ = {
			isa = PBXShellScriptBuildPhase;
			buildActionMask = 2147483647;
			files = (
			);
			inputFileListPaths = (
			);
			inputPaths = (
				"${PODS_PODFILE_DIR_PATH}/Podfile.lock",
				"${PODS_ROOT}/Manifest.lock",
			);
			name = "[CP] Check Pods Manifest.lock";
			outputFileListPaths = (
			);
			outputPaths = (
				"$(DERIVED_FILE_DIR)/Pods-Food-Truck-TrackR-checkManifestLockResult.txt",
			);
			runOnlyForDeploymentPostprocessing = 0;
			shellPath = /bin/sh;
			shellScript = "diff \"${PODS_PODFILE_DIR_PATH}/Podfile.lock\" \"${PODS_ROOT}/Manifest.lock\" > /dev/null\nif [ $? != 0 ] ; then\n    # print error to STDERR\n    echo \"error: The sandbox is not in sync with the Podfile.lock. Run 'pod install' or update your CocoaPods installation.\" >&2\n    exit 1\nfi\n# This output is used by Xcode 'outputs' to avoid re-running this script phase.\necho \"SUCCESS\" > \"${SCRIPT_OUTPUT_FILE_0}\"\n";
			showEnvVarsInLog = 0;
		};
		7F34CC63AB7A046F9761483F /* [CP] Embed Pods Frameworks */ = {
			isa = PBXShellScriptBuildPhase;
			buildActionMask = 2147483647;
			files = (
			);
			inputFileListPaths = (
				"${PODS_ROOT}/Target Support Files/Pods-Food-Truck-TrackR/Pods-Food-Truck-TrackR-frameworks-${CONFIGURATION}-input-files.xcfilelist",
			);
			name = "[CP] Embed Pods Frameworks";
			outputFileListPaths = (
				"${PODS_ROOT}/Target Support Files/Pods-Food-Truck-TrackR/Pods-Food-Truck-TrackR-frameworks-${CONFIGURATION}-output-files.xcfilelist",
			);
			runOnlyForDeploymentPostprocessing = 0;
			shellPath = /bin/sh;
			shellScript = "\"${PODS_ROOT}/Target Support Files/Pods-Food-Truck-TrackR/Pods-Food-Truck-TrackR-frameworks.sh\"\n";
			showEnvVarsInLog = 0;
		};
/* End PBXShellScriptBuildPhase section */

/* Begin PBXSourcesBuildPhase section */
		4C2A17132412BA37004A955B /* Sources */ = {
			isa = PBXSourcesBuildPhase;
			buildActionMask = 2147483647;
			files = (
				4C2A171A2412BA37004A955B /* Food_Truck_TrackRTests_1.swift in Sources */,
			);
			runOnlyForDeploymentPostprocessing = 0;
		};
		4CA58385240C90AA004B0E8F /* Sources */ = {
			isa = PBXSourcesBuildPhase;
			buildActionMask = 2147483647;
			files = (
				4C3BFE8D2411EC7F0074725D /* FoodTruck.xcdatamodeld in Sources */,
				4C3BFE8A2411EB220074725D /* MenuItemRepresentation.swift in Sources */,
				6D5A8346240DB99D007EFA11 /* AuthViewController.swift in Sources */,
				4C2A17122412ACCF004A955B /* Protocol.swift in Sources */,
				6D5A834F240E2B37007EFA11 /* WelcomeViewController.swift in Sources */,
				4C3BFE902411EE170074725D /* FoodTruckController.swift in Sources */,
				6D4F925A240E4C950095DE2F /* TrucksAroundViewController.swift in Sources */,
				4C2A170C241260EE004A955B /* MenuItemTableViewCell.swift in Sources */,
				4C3BFE9C24120CD20074725D /* MenuItem+Convenience.swift in Sources */,
				4C3BFEA02412158B0074725D /* Bearer.swift in Sources */,
				4C730FB12412C29800768E9C /* FoodTruckDetailViewController.swift in Sources */,
				4C3BFE802411D8440074725D /* CreateDishViewController.swift in Sources */,
				4C2A17102412AC8F004A955B /* PlaceAnnotation.swift in Sources */,
				4C3BFE9A241207CE0074725D /* Truck+Convenience.swift in Sources */,
				6D4F925D240E50630095DE2F /* MyTruckCell.swift in Sources */,
				4CA5838D240C90AA004B0E8F /* AppDelegate.swift in Sources */,
				6D4F925F240E525B0095DE2F /* TruckMenuViewController.swift in Sources */,
				4C3BFE9E241215030074725D /* Foodie.swift in Sources */,
				4C3BFE882411EAF50074725D /* TruckRepresentation.swift in Sources */,
				4C2A170A24125D20004A955B /* MenuViewController.swift in Sources */,
				4CA5838F240C90AA004B0E8F /* SceneDelegate.swift in Sources */,
				6D7F9444240E319E00E57201 /* MyTrucksViewController.swift in Sources */,
				6D91C47D240D8D48000581F0 /* AuthService.swift in Sources */,
				4C3BFE862411EA530074725D /* CoreDataStack.swift in Sources */,
				6D4F9263240EBF3A0095DE2F /* CreateTruckViewController.swift in Sources */,
				4C2A170E2412AC3E004A955B /* LocationController.swift in Sources */,
				6D47A101240DA8A20085BEFA /* Users.swift in Sources */,
				6D5A8352240E2C08007EFA11 /* Constant.swift in Sources */,
				6DADD286240D9DA100CA09B3 /* TruckService.swift in Sources */,
			);
			runOnlyForDeploymentPostprocessing = 0;
		};
		4CA583A4240C90FA004B0E8F /* Sources */ = {
			isa = PBXSourcesBuildPhase;
			buildActionMask = 2147483647;
			files = (
				4CA583AB240C90FA004B0E8F /* Food_Truck_TrackRTests.swift in Sources */,
			);
			runOnlyForDeploymentPostprocessing = 0;
		};
/* End PBXSourcesBuildPhase section */

/* Begin PBXTargetDependency section */
		4C2A171D2412BA37004A955B /* PBXTargetDependency */ = {
			isa = PBXTargetDependency;
			target = 4CA58388240C90AA004B0E8F /* Food-Truck-TrackR */;
			targetProxy = 4C2A171C2412BA37004A955B /* PBXContainerItemProxy */;
		};
		4CA583AE240C90FA004B0E8F /* PBXTargetDependency */ = {
			isa = PBXTargetDependency;
			target = 4CA58388240C90AA004B0E8F /* Food-Truck-TrackR */;
			targetProxy = 4CA583AD240C90FA004B0E8F /* PBXContainerItemProxy */;
		};
/* End PBXTargetDependency section */

/* Begin PBXVariantGroup section */
		4CA58397240C90AA004B0E8F /* LaunchScreen.storyboard */ = {
			isa = PBXVariantGroup;
			children = (
				4CA58398240C90AA004B0E8F /* Base */,
			);
			name = LaunchScreen.storyboard;
			sourceTree = "<group>";
		};
/* End PBXVariantGroup section */

/* Begin XCBuildConfiguration section */
		4C2A171F2412BA37004A955B /* Debug */ = {
			isa = XCBuildConfiguration;
			buildSettings = {
				BUNDLE_LOADER = "$(TEST_HOST)";
				CODE_SIGN_STYLE = Automatic;
				DEVELOPMENT_TEAM = V5X7HQSSM6;
				INFOPLIST_FILE = "Food-Truck-TrackRTests-1/Info.plist";
				LD_RUNPATH_SEARCH_PATHS = (
					"$(inherited)",
					"@executable_path/Frameworks",
					"@loader_path/Frameworks",
				);
				PRODUCT_BUNDLE_IDENTIFIER = "com.MichaelMcGrath.Food-Truck-TrackRTests-1";
				PRODUCT_NAME = "$(TARGET_NAME)";
				SWIFT_VERSION = 5.0;
				TARGETED_DEVICE_FAMILY = "1,2";
				TEST_HOST = "$(BUILT_PRODUCTS_DIR)/Food-Truck-TrackR.app/Food-Truck-TrackR";
			};
			name = Debug;
		};
		4C2A17202412BA37004A955B /* Release */ = {
			isa = XCBuildConfiguration;
			buildSettings = {
				BUNDLE_LOADER = "$(TEST_HOST)";
				CODE_SIGN_STYLE = Automatic;
				DEVELOPMENT_TEAM = V5X7HQSSM6;
				INFOPLIST_FILE = "Food-Truck-TrackRTests-1/Info.plist";
				LD_RUNPATH_SEARCH_PATHS = (
					"$(inherited)",
					"@executable_path/Frameworks",
					"@loader_path/Frameworks",
				);
				PRODUCT_BUNDLE_IDENTIFIER = "com.MichaelMcGrath.Food-Truck-TrackRTests-1";
				PRODUCT_NAME = "$(TARGET_NAME)";
				SWIFT_VERSION = 5.0;
				TARGETED_DEVICE_FAMILY = "1,2";
				TEST_HOST = "$(BUILT_PRODUCTS_DIR)/Food-Truck-TrackR.app/Food-Truck-TrackR";
			};
			name = Release;
		};
		4CA5839B240C90AA004B0E8F /* Debug */ = {
			isa = XCBuildConfiguration;
			buildSettings = {
				ALWAYS_SEARCH_USER_PATHS = NO;
				CLANG_ANALYZER_NONNULL = YES;
				CLANG_ANALYZER_NUMBER_OBJECT_CONVERSION = YES_AGGRESSIVE;
				CLANG_CXX_LANGUAGE_STANDARD = "gnu++14";
				CLANG_CXX_LIBRARY = "libc++";
				CLANG_ENABLE_MODULES = YES;
				CLANG_ENABLE_OBJC_ARC = YES;
				CLANG_ENABLE_OBJC_WEAK = YES;
				CLANG_WARN_BLOCK_CAPTURE_AUTORELEASING = YES;
				CLANG_WARN_BOOL_CONVERSION = YES;
				CLANG_WARN_COMMA = YES;
				CLANG_WARN_CONSTANT_CONVERSION = YES;
				CLANG_WARN_DEPRECATED_OBJC_IMPLEMENTATIONS = YES;
				CLANG_WARN_DIRECT_OBJC_ISA_USAGE = YES_ERROR;
				CLANG_WARN_DOCUMENTATION_COMMENTS = YES;
				CLANG_WARN_EMPTY_BODY = YES;
				CLANG_WARN_ENUM_CONVERSION = YES;
				CLANG_WARN_INFINITE_RECURSION = YES;
				CLANG_WARN_INT_CONVERSION = YES;
				CLANG_WARN_NON_LITERAL_NULL_CONVERSION = YES;
				CLANG_WARN_OBJC_IMPLICIT_RETAIN_SELF = YES;
				CLANG_WARN_OBJC_LITERAL_CONVERSION = YES;
				CLANG_WARN_OBJC_ROOT_CLASS = YES_ERROR;
				CLANG_WARN_RANGE_LOOP_ANALYSIS = YES;
				CLANG_WARN_STRICT_PROTOTYPES = YES;
				CLANG_WARN_SUSPICIOUS_MOVE = YES;
				CLANG_WARN_UNGUARDED_AVAILABILITY = YES_AGGRESSIVE;
				CLANG_WARN_UNREACHABLE_CODE = YES;
				CLANG_WARN__DUPLICATE_METHOD_MATCH = YES;
				COPY_PHASE_STRIP = NO;
				DEBUG_INFORMATION_FORMAT = dwarf;
				ENABLE_STRICT_OBJC_MSGSEND = YES;
				ENABLE_TESTABILITY = YES;
				GCC_C_LANGUAGE_STANDARD = gnu11;
				GCC_DYNAMIC_NO_PIC = NO;
				GCC_NO_COMMON_BLOCKS = YES;
				GCC_OPTIMIZATION_LEVEL = 0;
				GCC_PREPROCESSOR_DEFINITIONS = (
					"DEBUG=1",
					"$(inherited)",
				);
				GCC_WARN_64_TO_32_BIT_CONVERSION = YES;
				GCC_WARN_ABOUT_RETURN_TYPE = YES_ERROR;
				GCC_WARN_UNDECLARED_SELECTOR = YES;
				GCC_WARN_UNINITIALIZED_AUTOS = YES_AGGRESSIVE;
				GCC_WARN_UNUSED_FUNCTION = YES;
				GCC_WARN_UNUSED_VARIABLE = YES;
				IPHONEOS_DEPLOYMENT_TARGET = 13.2;
				MTL_ENABLE_DEBUG_INFO = INCLUDE_SOURCE;
				MTL_FAST_MATH = YES;
				ONLY_ACTIVE_ARCH = YES;
				SDKROOT = iphoneos;
				SWIFT_ACTIVE_COMPILATION_CONDITIONS = DEBUG;
				SWIFT_OPTIMIZATION_LEVEL = "-Onone";
			};
			name = Debug;
		};
		4CA5839C240C90AA004B0E8F /* Release */ = {
			isa = XCBuildConfiguration;
			buildSettings = {
				ALWAYS_SEARCH_USER_PATHS = NO;
				CLANG_ANALYZER_NONNULL = YES;
				CLANG_ANALYZER_NUMBER_OBJECT_CONVERSION = YES_AGGRESSIVE;
				CLANG_CXX_LANGUAGE_STANDARD = "gnu++14";
				CLANG_CXX_LIBRARY = "libc++";
				CLANG_ENABLE_MODULES = YES;
				CLANG_ENABLE_OBJC_ARC = YES;
				CLANG_ENABLE_OBJC_WEAK = YES;
				CLANG_WARN_BLOCK_CAPTURE_AUTORELEASING = YES;
				CLANG_WARN_BOOL_CONVERSION = YES;
				CLANG_WARN_COMMA = YES;
				CLANG_WARN_CONSTANT_CONVERSION = YES;
				CLANG_WARN_DEPRECATED_OBJC_IMPLEMENTATIONS = YES;
				CLANG_WARN_DIRECT_OBJC_ISA_USAGE = YES_ERROR;
				CLANG_WARN_DOCUMENTATION_COMMENTS = YES;
				CLANG_WARN_EMPTY_BODY = YES;
				CLANG_WARN_ENUM_CONVERSION = YES;
				CLANG_WARN_INFINITE_RECURSION = YES;
				CLANG_WARN_INT_CONVERSION = YES;
				CLANG_WARN_NON_LITERAL_NULL_CONVERSION = YES;
				CLANG_WARN_OBJC_IMPLICIT_RETAIN_SELF = YES;
				CLANG_WARN_OBJC_LITERAL_CONVERSION = YES;
				CLANG_WARN_OBJC_ROOT_CLASS = YES_ERROR;
				CLANG_WARN_RANGE_LOOP_ANALYSIS = YES;
				CLANG_WARN_STRICT_PROTOTYPES = YES;
				CLANG_WARN_SUSPICIOUS_MOVE = YES;
				CLANG_WARN_UNGUARDED_AVAILABILITY = YES_AGGRESSIVE;
				CLANG_WARN_UNREACHABLE_CODE = YES;
				CLANG_WARN__DUPLICATE_METHOD_MATCH = YES;
				COPY_PHASE_STRIP = NO;
				DEBUG_INFORMATION_FORMAT = "dwarf-with-dsym";
				ENABLE_NS_ASSERTIONS = NO;
				ENABLE_STRICT_OBJC_MSGSEND = YES;
				GCC_C_LANGUAGE_STANDARD = gnu11;
				GCC_NO_COMMON_BLOCKS = YES;
				GCC_WARN_64_TO_32_BIT_CONVERSION = YES;
				GCC_WARN_ABOUT_RETURN_TYPE = YES_ERROR;
				GCC_WARN_UNDECLARED_SELECTOR = YES;
				GCC_WARN_UNINITIALIZED_AUTOS = YES_AGGRESSIVE;
				GCC_WARN_UNUSED_FUNCTION = YES;
				GCC_WARN_UNUSED_VARIABLE = YES;
				IPHONEOS_DEPLOYMENT_TARGET = 13.2;
				MTL_ENABLE_DEBUG_INFO = NO;
				MTL_FAST_MATH = YES;
				SDKROOT = iphoneos;
				SWIFT_COMPILATION_MODE = wholemodule;
				SWIFT_OPTIMIZATION_LEVEL = "-O";
				VALIDATE_PRODUCT = YES;
			};
			name = Release;
		};
		4CA5839E240C90AA004B0E8F /* Debug */ = {
			isa = XCBuildConfiguration;
			baseConfigurationReference = FFE3E2D80E91B01A14B8F585 /* Pods-Food-Truck-TrackR.debug.xcconfig */;
			buildSettings = {
				ASSETCATALOG_COMPILER_APPICON_NAME = AppIcon;
				CODE_SIGN_IDENTITY = "iPhone Distribution";
				CODE_SIGN_STYLE = Manual;
				CURRENT_PROJECT_VERSION = 4;
				DEVELOPMENT_TEAM = VXUQXR6S56;
				GCC_NO_COMMON_BLOCKS = NO;
				INFOPLIST_FILE = "Food-Truck-TrackR/Info.plist";
				LD_RUNPATH_SEARCH_PATHS = (
					"$(inherited)",
					"@executable_path/Frameworks",
				);
				PRODUCT_BUNDLE_IDENTIFIER = com.lambdaSchool.FoodTruckTracker;
				PRODUCT_NAME = "$(TARGET_NAME)";
				PROVISIONING_PROFILE_SPECIFIER = FoodTruckTrackerDistribution;
				SWIFT_VERSION = 5.0;
				TARGETED_DEVICE_FAMILY = "1,2";
			};
			name = Debug;
		};
		4CA5839F240C90AA004B0E8F /* Release */ = {
			isa = XCBuildConfiguration;
			baseConfigurationReference = 653791921C6D393D08438D30 /* Pods-Food-Truck-TrackR.release.xcconfig */;
			buildSettings = {
				ASSETCATALOG_COMPILER_APPICON_NAME = AppIcon;
				CODE_SIGN_IDENTITY = "iPhone Distribution";
				CODE_SIGN_STYLE = Manual;
				CURRENT_PROJECT_VERSION = 4;
				DEVELOPMENT_TEAM = VXUQXR6S56;
				GCC_NO_COMMON_BLOCKS = NO;
				INFOPLIST_FILE = "Food-Truck-TrackR/Info.plist";
				LD_RUNPATH_SEARCH_PATHS = (
					"$(inherited)",
					"@executable_path/Frameworks",
				);
				PRODUCT_BUNDLE_IDENTIFIER = com.lambdaSchool.FoodTruckTracker;
				PRODUCT_NAME = "$(TARGET_NAME)";
				PROVISIONING_PROFILE_SPECIFIER = FoodTruckTrackerDistribution;
				SWIFT_VERSION = 5.0;
				TARGETED_DEVICE_FAMILY = "1,2";
			};
			name = Release;
		};
		4CA583B0240C90FA004B0E8F /* Debug */ = {
			isa = XCBuildConfiguration;
			buildSettings = {
				BUNDLE_LOADER = "$(TEST_HOST)";
				CODE_SIGN_STYLE = Automatic;
				DEVELOPMENT_TEAM = V5X7HQSSM6;
				INFOPLIST_FILE = "Food-Truck-TrackRTests/Info.plist";
				LD_RUNPATH_SEARCH_PATHS = (
					"$(inherited)",
					"@executable_path/Frameworks",
					"@loader_path/Frameworks",
				);
				PRODUCT_BUNDLE_IDENTIFIER = "com.MichaelMcGrath.Food-Truck-TrackRTests";
				PRODUCT_NAME = "$(TARGET_NAME)";
				SWIFT_VERSION = 5.0;
				TARGETED_DEVICE_FAMILY = "1,2";
				TEST_HOST = "$(BUILT_PRODUCTS_DIR)/Food-Truck-TrackR.app/Food-Truck-TrackR";
			};
			name = Debug;
		};
		4CA583B1240C90FA004B0E8F /* Release */ = {
			isa = XCBuildConfiguration;
			buildSettings = {
				BUNDLE_LOADER = "$(TEST_HOST)";
				CODE_SIGN_STYLE = Automatic;
				DEVELOPMENT_TEAM = V5X7HQSSM6;
				INFOPLIST_FILE = "Food-Truck-TrackRTests/Info.plist";
				LD_RUNPATH_SEARCH_PATHS = (
					"$(inherited)",
					"@executable_path/Frameworks",
					"@loader_path/Frameworks",
				);
				PRODUCT_BUNDLE_IDENTIFIER = "com.MichaelMcGrath.Food-Truck-TrackRTests";
				PRODUCT_NAME = "$(TARGET_NAME)";
				SWIFT_VERSION = 5.0;
				TARGETED_DEVICE_FAMILY = "1,2";
				TEST_HOST = "$(BUILT_PRODUCTS_DIR)/Food-Truck-TrackR.app/Food-Truck-TrackR";
			};
			name = Release;
		};
/* End XCBuildConfiguration section */

/* Begin XCConfigurationList section */
		4C2A171E2412BA37004A955B /* Build configuration list for PBXNativeTarget "Food-Truck-TrackRTests-1" */ = {
			isa = XCConfigurationList;
			buildConfigurations = (
				4C2A171F2412BA37004A955B /* Debug */,
				4C2A17202412BA37004A955B /* Release */,
			);
			defaultConfigurationIsVisible = 0;
			defaultConfigurationName = Release;
		};
		4CA58384240C90AA004B0E8F /* Build configuration list for PBXProject "Food-Truck-TrackR" */ = {
			isa = XCConfigurationList;
			buildConfigurations = (
				4CA5839B240C90AA004B0E8F /* Debug */,
				4CA5839C240C90AA004B0E8F /* Release */,
			);
			defaultConfigurationIsVisible = 0;
			defaultConfigurationName = Release;
		};
		4CA5839D240C90AA004B0E8F /* Build configuration list for PBXNativeTarget "Food-Truck-TrackR" */ = {
			isa = XCConfigurationList;
			buildConfigurations = (
				4CA5839E240C90AA004B0E8F /* Debug */,
				4CA5839F240C90AA004B0E8F /* Release */,
			);
			defaultConfigurationIsVisible = 0;
			defaultConfigurationName = Release;
		};
		4CA583AF240C90FA004B0E8F /* Build configuration list for PBXNativeTarget "Food-Truck-TrackRTests" */ = {
			isa = XCConfigurationList;
			buildConfigurations = (
				4CA583B0240C90FA004B0E8F /* Debug */,
				4CA583B1240C90FA004B0E8F /* Release */,
			);
			defaultConfigurationIsVisible = 0;
			defaultConfigurationName = Release;
		};
/* End XCConfigurationList section */

/* Begin XCVersionGroup section */
		4C3BFE8B2411EC7F0074725D /* FoodTruck.xcdatamodeld */ = {
			isa = XCVersionGroup;
			children = (
				4C3BFE8C2411EC7F0074725D /* FoodTruck.xcdatamodel */,
			);
			currentVersion = 4C3BFE8C2411EC7F0074725D /* FoodTruck.xcdatamodel */;
			path = FoodTruck.xcdatamodeld;
			sourceTree = "<group>";
			versionGroupType = wrapper.xcdatamodel;
		};
/* End XCVersionGroup section */
	};
	rootObject = 4CA58381240C90AA004B0E8F /* Project object */;
}
